
Microsoft Visual Studio Solution File, Format Version 12.00
# Visual Studio Version 16
VisualStudioVersion = 16.0.29911.84
MinimumVisualStudioVersion = 10.0.40219.1
Project("{FAE04EC0-301F-11D3-BF4B-00C04F79EFBC}") = "ChartSample.UWP", "ChartSample.UWP\ChartSample.UWP.csproj", "{9AD639AD-929D-458D-B4E3-9BA7776A4956}"
EndProject
Project("{FAE04EC0-301F-11D3-BF4B-00C04F79EFBC}") = "ChartSample.Android", "ChartSample.Android\ChartSample.Android.csproj", "{519CB79B-ECF3-47D3-9EF7-BB0806E894B7}"
EndProject
Project("{FAE04EC0-301F-11D3-BF4B-00C04F79EFBC}") = "ChartSample.iOS", "ChartSample.iOS\ChartSample.iOS.csproj", "{5046AA2F-216F-4AA3-8430-C97C48C48FD9}"
EndProject
Project("{9A19103F-16F7-4668-BE54-9A1E7A4F7556}") = "ChartSample", "ChartSample\ChartSample.csproj", "{3902BE64-7AB6-4214-B8DF-A84DA253F9CC}"
EndProject
Global
	GlobalSection(SolutionConfigurationPlatforms) = preSolution
		Debug|Any CPU = Debug|Any CPU
		Debug|ARM = Debug|ARM
		Debug|iPhone = Debug|iPhone
		Debug|iPhoneSimulator = Debug|iPhoneSimulator
		Debug|x64 = Debug|x64
		Debug|x86 = Debug|x86
		Release|Any CPU = Release|Any CPU
		Release|ARM = Release|ARM
		Release|iPhone = Release|iPhone
		Release|iPhoneSimulator = Release|iPhoneSimulator
		Release|x64 = Release|x64
		Release|x86 = Release|x86
		Release-xml|Any CPU = Release-xml|Any CPU
		Release-xml|ARM = Release-xml|ARM
		Release-xml|iPhone = Release-xml|iPhone
		Release-xml|iPhoneSimulator = Release-xml|iPhoneSimulator
		Release-xml|x64 = Release-xml|x64
		Release-xml|x86 = Release-xml|x86
	EndGlobalSection
	GlobalSection(ProjectConfigurationPlatforms) = postSolution
		{9AD639AD-929D-458D-B4E3-9BA7776A4956}.Debug|Any CPU.ActiveCfg = Debug|x86
		{9AD639AD-929D-458D-B4E3-9BA7776A4956}.Debug|Any CPU.Build.0 = Debug|x86
		{9AD639AD-929D-458D-B4E3-9BA7776A4956}.Debug|Any CPU.Deploy.0 = Debug|x86
		{9AD639AD-929D-458D-B4E3-9BA7776A4956}.Debug|ARM.ActiveCfg = Debug|ARM
		{9AD639AD-929D-458D-B4E3-9BA7776A4956}.Debug|ARM.Build.0 = Debug|ARM
		{9AD639AD-929D-458D-B4E3-9BA7776A4956}.Debug|ARM.Deploy.0 = Debug|ARM
		{9AD639AD-929D-458D-B4E3-9BA7776A4956}.Debug|iPhone.ActiveCfg = Debug|x86
		{9AD639AD-929D-458D-B4E3-9BA7776A4956}.Debug|iPhone.Build.0 = Debug|x86
		{9AD639AD-929D-458D-B4E3-9BA7776A4956}.Debug|iPhone.Deploy.0 = Debug|x86
		{9AD639AD-929D-458D-B4E3-9BA7776A4956}.Debug|iPhoneSimulator.ActiveCfg = Debug|x86
		{9AD639AD-929D-458D-B4E3-9BA7776A4956}.Debug|iPhoneSimulator.Build.0 = Debug|x86
		{9AD639AD-929D-458D-B4E3-9BA7776A4956}.Debug|iPhoneSimulator.Deploy.0 = Debug|x86
		{9AD639AD-929D-458D-B4E3-9BA7776A4956}.Debug|x64.ActiveCfg = Debug|x64
		{9AD639AD-929D-458D-B4E3-9BA7776A4956}.Debug|x64.Build.0 = Debug|x64
		{9AD639AD-929D-458D-B4E3-9BA7776A4956}.Debug|x64.Deploy.0 = Debug|x64
		{9AD639AD-929D-458D-B4E3-9BA7776A4956}.Debug|x86.ActiveCfg = Debug|x86
		{9AD639AD-929D-458D-B4E3-9BA7776A4956}.Debug|x86.Build.0 = Debug|x86
		{9AD639AD-929D-458D-B4E3-9BA7776A4956}.Debug|x86.Deploy.0 = Debug|x86
		{9AD639AD-929D-458D-B4E3-9BA7776A4956}.Release|Any CPU.ActiveCfg = Release|x86
		{9AD639AD-929D-458D-B4E3-9BA7776A4956}.Release|Any CPU.Build.0 = Release|x86
		{9AD639AD-929D-458D-B4E3-9BA7776A4956}.Release|Any CPU.Deploy.0 = Release|x86
		{9AD639AD-929D-458D-B4E3-9BA7776A4956}.Release|ARM.ActiveCfg = Release|ARM
		{9AD639AD-929D-458D-B4E3-9BA7776A4956}.Release|ARM.Build.0 = Release|ARM
		{9AD639AD-929D-458D-B4E3-9BA7776A4956}.Release|ARM.Deploy.0 = Release|ARM
		{9AD639AD-929D-458D-B4E3-9BA7776A4956}.Release|iPhone.ActiveCfg = Release|x86
		{9AD639AD-929D-458D-B4E3-9BA7776A4956}.Release|iPhone.Build.0 = Release|x86
		{9AD639AD-929D-458D-B4E3-9BA7776A4956}.Release|iPhone.Deploy.0 = Release|x86
		{9AD639AD-929D-458D-B4E3-9BA7776A4956}.Release|iPhoneSimulator.ActiveCfg = Release|x86
		{9AD639AD-929D-458D-B4E3-9BA7776A4956}.Release|iPhoneSimulator.Build.0 = Release|x86
		{9AD639AD-929D-458D-B4E3-9BA7776A4956}.Release|iPhoneSimulator.Deploy.0 = Release|x86
		{9AD639AD-929D-458D-B4E3-9BA7776A4956}.Release|x64.ActiveCfg = Release|x64
		{9AD639AD-929D-458D-B4E3-9BA7776A4956}.Release|x64.Build.0 = Release|x64
		{9AD639AD-929D-458D-B4E3-9BA7776A4956}.Release|x64.Deploy.0 = Release|x64
		{9AD639AD-929D-458D-B4E3-9BA7776A4956}.Release|x86.ActiveCfg = Release|x86
		{9AD639AD-929D-458D-B4E3-9BA7776A4956}.Release|x86.Build.0 = Release|x86
		{9AD639AD-929D-458D-B4E3-9BA7776A4956}.Release|x86.Deploy.0 = Release|x86
		{9AD639AD-929D-458D-B4E3-9BA7776A4956}.Release-xml|Any CPU.ActiveCfg = Release|x64
		{9AD639AD-929D-458D-B4E3-9BA7776A4956}.Release-xml|Any CPU.Build.0 = Release|x64
		{9AD639AD-929D-458D-B4E3-9BA7776A4956}.Release-xml|Any CPU.Deploy.0 = Release|x64
		{9AD639AD-929D-458D-B4E3-9BA7776A4956}.Release-xml|ARM.ActiveCfg = Release|ARM
		{9AD639AD-929D-458D-B4E3-9BA7776A4956}.Release-xml|ARM.Build.0 = Release|ARM
		{9AD639AD-929D-458D-B4E3-9BA7776A4956}.Release-xml|ARM.Deploy.0 = Release|ARM
		{9AD639AD-929D-458D-B4E3-9BA7776A4956}.Release-xml|iPhone.ActiveCfg = Release|x64
		{9AD639AD-929D-458D-B4E3-9BA7776A4956}.Release-xml|iPhone.Build.0 = Release|x64
		{9AD639AD-929D-458D-B4E3-9BA7776A4956}.Release-xml|iPhone.Deploy.0 = Release|x64
		{9AD639AD-929D-458D-B4E3-9BA7776A4956}.Release-xml|iPhoneSimulator.ActiveCfg = Release|x64
		{9AD639AD-929D-458D-B4E3-9BA7776A4956}.Release-xml|iPhoneSimulator.Build.0 = Release|x64
		{9AD639AD-929D-458D-B4E3-9BA7776A4956}.Release-xml|iPhoneSimulator.Deploy.0 = Release|x64
		{9AD639AD-929D-458D-B4E3-9BA7776A4956}.Release-xml|x64.ActiveCfg = Release|x64
		{9AD639AD-929D-458D-B4E3-9BA7776A4956}.Release-xml|x64.Build.0 = Release|x64
		{9AD639AD-929D-458D-B4E3-9BA7776A4956}.Release-xml|x64.Deploy.0 = Release|x64
		{9AD639AD-929D-458D-B4E3-9BA7776A4956}.Release-xml|x86.ActiveCfg = Release|x86
		{9AD639AD-929D-458D-B4E3-9BA7776A4956}.Release-xml|x86.Build.0 = Release|x86
		{9AD639AD-929D-458D-B4E3-9BA7776A4956}.Release-xml|x86.Deploy.0 = Release|x86
		{519CB79B-ECF3-47D3-9EF7-BB0806E894B7}.Debug|Any CPU.ActiveCfg = Debug|Any CPU
		{519CB79B-ECF3-47D3-9EF7-BB0806E894B7}.Debug|Any CPU.Build.0 = Debug|Any CPU
		{519CB79B-ECF3-47D3-9EF7-BB0806E894B7}.Debug|Any CPU.Deploy.0 = Debug|Any CPU
		{519CB79B-ECF3-47D3-9EF7-BB0806E894B7}.Debug|ARM.ActiveCfg = Debug|Any CPU
		{519CB79B-ECF3-47D3-9EF7-BB0806E894B7}.Debug|ARM.Build.0 = Debug|Any CPU
		{519CB79B-ECF3-47D3-9EF7-BB0806E894B7}.Debug|ARM.Deploy.0 = Debug|Any CPU
		{519CB79B-ECF3-47D3-9EF7-BB0806E894B7}.Debug|iPhone.ActiveCfg = Debug|Any CPU
		{519CB79B-ECF3-47D3-9EF7-BB0806E894B7}.Debug|iPhone.Build.0 = Debug|Any CPU
		{519CB79B-ECF3-47D3-9EF7-BB0806E894B7}.Debug|iPhone.Deploy.0 = Debug|Any CPU
		{519CB79B-ECF3-47D3-9EF7-BB0806E894B7}.Debug|iPhoneSimulator.ActiveCfg = Debug|Any CPU
		{519CB79B-ECF3-47D3-9EF7-BB0806E894B7}.Debug|iPhoneSimulator.Build.0 = Debug|Any CPU
		{519CB79B-ECF3-47D3-9EF7-BB0806E894B7}.Debug|iPhoneSimulator.Deploy.0 = Debug|Any CPU
		{519CB79B-ECF3-47D3-9EF7-BB0806E894B7}.Debug|x64.ActiveCfg = Debug|Any CPU
		{519CB79B-ECF3-47D3-9EF7-BB0806E894B7}.Debug|x64.Build.0 = Debug|Any CPU
		{519CB79B-ECF3-47D3-9EF7-BB0806E894B7}.Debug|x64.Deploy.0 = Debug|Any CPU
		{519CB79B-ECF3-47D3-9EF7-BB0806E894B7}.Debug|x86.ActiveCfg = Debug|Any CPU
		{519CB79B-ECF3-47D3-9EF7-BB0806E894B7}.Debug|x86.Build.0 = Debug|Any CPU
		{519CB79B-ECF3-47D3-9EF7-BB0806E894B7}.Debug|x86.Deploy.0 = Debug|Any CPU
		{519CB79B-ECF3-47D3-9EF7-BB0806E894B7}.Release|Any CPU.ActiveCfg = Release|Any CPU
		{519CB79B-ECF3-47D3-9EF7-BB0806E894B7}.Release|Any CPU.Build.0 = Release|Any CPU
		{519CB79B-ECF3-47D3-9EF7-BB0806E894B7}.Release|Any CPU.Deploy.0 = Release|Any CPU
		{519CB79B-ECF3-47D3-9EF7-BB0806E894B7}.Release|ARM.ActiveCfg = Release|Any CPU
		{519CB79B-ECF3-47D3-9EF7-BB0806E894B7}.Release|ARM.Build.0 = Release|Any CPU
		{519CB79B-ECF3-47D3-9EF7-BB0806E894B7}.Release|ARM.Deploy.0 = Release|Any CPU
		{519CB79B-ECF3-47D3-9EF7-BB0806E894B7}.Release|iPhone.ActiveCfg = Release|Any CPU
		{519CB79B-ECF3-47D3-9EF7-BB0806E894B7}.Release|iPhone.Build.0 = Release|Any CPU
		{519CB79B-ECF3-47D3-9EF7-BB0806E894B7}.Release|iPhone.Deploy.0 = Release|Any CPU
		{519CB79B-ECF3-47D3-9EF7-BB0806E894B7}.Release|iPhoneSimulator.ActiveCfg = Release|Any CPU
		{519CB79B-ECF3-47D3-9EF7-BB0806E894B7}.Release|iPhoneSimulator.Build.0 = Release|Any CPU
		{519CB79B-ECF3-47D3-9EF7-BB0806E894B7}.Release|iPhoneSimulator.Deploy.0 = Release|Any CPU
		{519CB79B-ECF3-47D3-9EF7-BB0806E894B7}.Release|x64.ActiveCfg = Release|Any CPU
		{519CB79B-ECF3-47D3-9EF7-BB0806E894B7}.Release|x64.Build.0 = Release|Any CPU
		{519CB79B-ECF3-47D3-9EF7-BB0806E894B7}.Release|x64.Deploy.0 = Release|Any CPU
		{519CB79B-ECF3-47D3-9EF7-BB0806E894B7}.Release|x86.ActiveCfg = Release|Any CPU
		{519CB79B-ECF3-47D3-9EF7-BB0806E894B7}.Release|x86.Build.0 = Release|Any CPU
		{519CB79B-ECF3-47D3-9EF7-BB0806E894B7}.Release|x86.Deploy.0 = Release|Any CPU
		{519CB79B-ECF3-47D3-9EF7-BB0806E894B7}.Release-xml|Any CPU.ActiveCfg = Release|Any CPU
		{519CB79B-ECF3-47D3-9EF7-BB0806E894B7}.Release-xml|Any CPU.Build.0 = Release|Any CPU
		{519CB79B-ECF3-47D3-9EF7-BB0806E894B7}.Release-xml|Any CPU.Deploy.0 = Release|Any CPU
		{519CB79B-ECF3-47D3-9EF7-BB0806E894B7}.Release-xml|ARM.ActiveCfg = Release|Any CPU
		{519CB79B-ECF3-47D3-9EF7-BB0806E894B7}.Release-xml|ARM.Build.0 = Release|Any CPU
		{519CB79B-ECF3-47D3-9EF7-BB0806E894B7}.Release-xml|ARM.Deploy.0 = Release|Any CPU
		{519CB79B-ECF3-47D3-9EF7-BB0806E894B7}.Release-xml|iPhone.ActiveCfg = Release|Any CPU
		{519CB79B-ECF3-47D3-9EF7-BB0806E894B7}.Release-xml|iPhone.Build.0 = Release|Any CPU
		{519CB79B-ECF3-47D3-9EF7-BB0806E894B7}.Release-xml|iPhone.Deploy.0 = Release|Any CPU
		{519CB79B-ECF3-47D3-9EF7-BB0806E894B7}.Release-xml|iPhoneSimulator.ActiveCfg = Release|Any CPU
		{519CB79B-ECF3-47D3-9EF7-BB0806E894B7}.Release-xml|iPhoneSimulator.Build.0 = Release|Any CPU
		{519CB79B-ECF3-47D3-9EF7-BB0806E894B7}.Release-xml|iPhoneSimulator.Deploy.0 = Release|Any CPU
		{519CB79B-ECF3-47D3-9EF7-BB0806E894B7}.Release-xml|x64.ActiveCfg = Release|Any CPU
		{519CB79B-ECF3-47D3-9EF7-BB0806E894B7}.Release-xml|x64.Build.0 = Release|Any CPU
		{519CB79B-ECF3-47D3-9EF7-BB0806E894B7}.Release-xml|x64.Deploy.0 = Release|Any CPU
		{519CB79B-ECF3-47D3-9EF7-BB0806E894B7}.Release-xml|x86.ActiveCfg = Release|Any CPU
		{519CB79B-ECF3-47D3-9EF7-BB0806E894B7}.Release-xml|x86.Build.0 = Release|Any CPU
		{519CB79B-ECF3-47D3-9EF7-BB0806E894B7}.Release-xml|x86.Deploy.0 = Release|Any CPU
		{5046AA2F-216F-4AA3-8430-C97C48C48FD9}.Debug|Any CPU.ActiveCfg = Debug|iPhone
		{5046AA2F-216F-4AA3-8430-C97C48C48FD9}.Debug|Any CPU.Build.0 = Debug|iPhone
		{5046AA2F-216F-4AA3-8430-C97C48C48FD9}.Debug|Any CPU.Deploy.0 = Debug|iPhone
		{5046AA2F-216F-4AA3-8430-C97C48C48FD9}.Debug|ARM.ActiveCfg = Debug|iPhone
		{5046AA2F-216F-4AA3-8430-C97C48C48FD9}.Debug|ARM.Build.0 = Debug|iPhone
		{5046AA2F-216F-4AA3-8430-C97C48C48FD9}.Debug|ARM.Deploy.0 = Debug|iPhone
		{5046AA2F-216F-4AA3-8430-C97C48C48FD9}.Debug|iPhone.ActiveCfg = Debug|iPhone
		{5046AA2F-216F-4AA3-8430-C97C48C48FD9}.Debug|iPhone.Build.0 = Debug|iPhone
		{5046AA2F-216F-4AA3-8430-C97C48C48FD9}.Debug|iPhone.Deploy.0 = Debug|iPhone
		{5046AA2F-216F-4AA3-8430-C97C48C48FD9}.Debug|iPhoneSimulator.ActiveCfg = Debug|iPhoneSimulator
		{5046AA2F-216F-4AA3-8430-C97C48C48FD9}.Debug|iPhoneSimulator.Build.0 = Debug|iPhoneSimulator
		{5046AA2F-216F-4AA3-8430-C97C48C48FD9}.Debug|iPhoneSimulator.Deploy.0 = Debug|iPhoneSimulator
		{5046AA2F-216F-4AA3-8430-C97C48C48FD9}.Debug|x64.ActiveCfg = Debug|iPhone
		{5046AA2F-216F-4AA3-8430-C97C48C48FD9}.Debug|x64.Build.0 = Debug|iPhone
		{5046AA2F-216F-4AA3-8430-C97C48C48FD9}.Debug|x64.Deploy.0 = Debug|iPhone
		{5046AA2F-216F-4AA3-8430-C97C48C48FD9}.Debug|x86.ActiveCfg = Debug|iPhone
		{5046AA2F-216F-4AA3-8430-C97C48C48FD9}.Debug|x86.Build.0 = Debug|iPhone
		{5046AA2F-216F-4AA3-8430-C97C48C48FD9}.Debug|x86.Deploy.0 = Debug|iPhone
		{5046AA2F-216F-4AA3-8430-C97C48C48FD9}.Release|Any CPU.ActiveCfg = Release|iPhone
		{5046AA2F-216F-4AA3-8430-C97C48C48FD9}.Release|Any CPU.Build.0 = Release|iPhone
		{5046AA2F-216F-4AA3-8430-C97C48C48FD9}.Release|Any CPU.Deploy.0 = Release|iPhone
		{5046AA2F-216F-4AA3-8430-C97C48C48FD9}.Release|ARM.ActiveCfg = Release|iPhone
		{5046AA2F-216F-4AA3-8430-C97C48C48FD9}.Release|ARM.Build.0 = Release|iPhone
		{5046AA2F-216F-4AA3-8430-C97C48C48FD9}.Release|ARM.Deploy.0 = Release|iPhone
		{5046AA2F-216F-4AA3-8430-C97C48C48FD9}.Release|iPhone.ActiveCfg = Release|iPhone
		{5046AA2F-216F-4AA3-8430-C97C48C48FD9}.Release|iPhone.Build.0 = Release|iPhone
		{5046AA2F-216F-4AA3-8430-C97C48C48FD9}.Release|iPhone.Deploy.0 = Release|iPhone
		{5046AA2F-216F-4AA3-8430-C97C48C48FD9}.Release|iPhoneSimulator.ActiveCfg = Release|iPhoneSimulator
		{5046AA2F-216F-4AA3-8430-C97C48C48FD9}.Release|iPhoneSimulator.Build.0 = Release|iPhoneSimulator
		{5046AA2F-216F-4AA3-8430-C97C48C48FD9}.Release|iPhoneSimulator.Deploy.0 = Release|iPhoneSimulator
		{5046AA2F-216F-4AA3-8430-C97C48C48FD9}.Release|x64.ActiveCfg = Release|iPhone
		{5046AA2F-216F-4AA3-8430-C97C48C48FD9}.Release|x64.Build.0 = Release|iPhone
		{5046AA2F-216F-4AA3-8430-C97C48C48FD9}.Release|x64.Deploy.0 = Release|iPhone
		{5046AA2F-216F-4AA3-8430-C97C48C48FD9}.Release|x86.ActiveCfg = Release|iPhone
		{5046AA2F-216F-4AA3-8430-C97C48C48FD9}.Release|x86.Build.0 = Release|iPhone
		{5046AA2F-216F-4AA3-8430-C97C48C48FD9}.Release|x86.Deploy.0 = Release|iPhone
		{5046AA2F-216F-4AA3-8430-C97C48C48FD9}.Release-xml|Any CPU.ActiveCfg = Release|iPhoneSimulator
		{5046AA2F-216F-4AA3-8430-C97C48C48FD9}.Release-xml|Any CPU.Build.0 = Release|iPhoneSimulator
		{5046AA2F-216F-4AA3-8430-C97C48C48FD9}.Release-xml|ARM.ActiveCfg = Release|iPhoneSimulator
		{5046AA2F-216F-4AA3-8430-C97C48C48FD9}.Release-xml|ARM.Build.0 = Release|iPhoneSimulator
		{5046AA2F-216F-4AA3-8430-C97C48C48FD9}.Release-xml|iPhone.ActiveCfg = Release|iPhone
		{5046AA2F-216F-4AA3-8430-C97C48C48FD9}.Release-xml|iPhone.Build.0 = Release|iPhone
		{5046AA2F-216F-4AA3-8430-C97C48C48FD9}.Release-xml|iPhoneSimulator.ActiveCfg = Release|iPhoneSimulator
		{5046AA2F-216F-4AA3-8430-C97C48C48FD9}.Release-xml|iPhoneSimulator.Build.0 = Release|iPhoneSimulator
		{5046AA2F-216F-4AA3-8430-C97C48C48FD9}.Release-xml|x64.ActiveCfg = Release|iPhoneSimulator
		{5046AA2F-216F-4AA3-8430-C97C48C48FD9}.Release-xml|x64.Build.0 = Release|iPhoneSimulator
		{5046AA2F-216F-4AA3-8430-C97C48C48FD9}.Release-xml|x86.ActiveCfg = Release|iPhoneSimulator
		{5046AA2F-216F-4AA3-8430-C97C48C48FD9}.Release-xml|x86.Build.0 = Release|iPhoneSimulator
		{3902BE64-7AB6-4214-B8DF-A84DA253F9CC}.Debug|Any CPU.ActiveCfg = Debug|Any CPU
		{3902BE64-7AB6-4214-B8DF-A84DA253F9CC}.Debug|Any CPU.Build.0 = Debug|Any CPU
		{3902BE64-7AB6-4214-B8DF-A84DA253F9CC}.Debug|Any CPU.Deploy.0 = Debug|Any CPU
		{3902BE64-7AB6-4214-B8DF-A84DA253F9CC}.Debug|ARM.ActiveCfg = Debug|Any CPU
		{3902BE64-7AB6-4214-B8DF-A84DA253F9CC}.Debug|ARM.Build.0 = Debug|Any CPU
		{3902BE64-7AB6-4214-B8DF-A84DA253F9CC}.Debug|ARM.Deploy.0 = Debug|Any CPU
		{3902BE64-7AB6-4214-B8DF-A84DA253F9CC}.Debug|iPhone.ActiveCfg = Debug|Any CPU
		{3902BE64-7AB6-4214-B8DF-A84DA253F9CC}.Debug|iPhone.Build.0 = Debug|Any CPU
		{3902BE64-7AB6-4214-B8DF-A84DA253F9CC}.Debug|iPhone.Deploy.0 = Debug|Any CPU
		{3902BE64-7AB6-4214-B8DF-A84DA253F9CC}.Debug|iPhoneSimulator.ActiveCfg = Debug|Any CPU
		{3902BE64-7AB6-4214-B8DF-A84DA253F9CC}.Debug|iPhoneSimulator.Build.0 = Debug|Any CPU
		{3902BE64-7AB6-4214-B8DF-A84DA253F9CC}.Debug|iPhoneSimulator.Deploy.0 = Debug|Any CPU
		{3902BE64-7AB6-4214-B8DF-A84DA253F9CC}.Debug|x64.ActiveCfg = Debug|Any CPU
		{3902BE64-7AB6-4214-B8DF-A84DA253F9CC}.Debug|x64.Build.0 = Debug|Any CPU
		{3902BE64-7AB6-4214-B8DF-A84DA253F9CC}.Debug|x64.Deploy.0 = Debug|Any CPU
		{3902BE64-7AB6-4214-B8DF-A84DA253F9CC}.Debug|x86.ActiveCfg = Debug|Any CPU
		{3902BE64-7AB6-4214-B8DF-A84DA253F9CC}.Debug|x86.Build.0 = Debug|Any CPU
		{3902BE64-7AB6-4214-B8DF-A84DA253F9CC}.Debug|x86.Deploy.0 = Debug|Any CPU
		{3902BE64-7AB6-4214-B8DF-A84DA253F9CC}.Release|Any CPU.ActiveCfg = Release|Any CPU
		{3902BE64-7AB6-4214-B8DF-A84DA253F9CC}.Release|Any CPU.Build.0 = Release|Any CPU
		{3902BE64-7AB6-4214-B8DF-A84DA253F9CC}.Release|Any CPU.Deploy.0 = Release|Any CPU
		{3902BE64-7AB6-4214-B8DF-A84DA253F9CC}.Release|ARM.ActiveCfg = Release|Any CPU
		{3902BE64-7AB6-4214-B8DF-A84DA253F9CC}.Release|ARM.Build.0 = Release|Any CPU
		{3902BE64-7AB6-4214-B8DF-A84DA253F9CC}.Release|ARM.Deploy.0 = Release|Any CPU
		{3902BE64-7AB6-4214-B8DF-A84DA253F9CC}.Release|iPhone.ActiveCfg = Release|Any CPU
		{3902BE64-7AB6-4214-B8DF-A84DA253F9CC}.Release|iPhone.Build.0 = Release|Any CPU
		{3902BE64-7AB6-4214-B8DF-A84DA253F9CC}.Release|iPhone.Deploy.0 = Release|Any CPU
		{3902BE64-7AB6-4214-B8DF-A84DA253F9CC}.Release|iPhoneSimulator.ActiveCfg = Release|Any CPU
		{3902BE64-7AB6-4214-B8DF-A84DA253F9CC}.Release|iPhoneSimulator.Build.0 = Release|Any CPU
		{3902BE64-7AB6-4214-B8DF-A84DA253F9CC}.Release|iPhoneSimulator.Deploy.0 = Release|Any CPU
		{3902BE64-7AB6-4214-B8DF-A84DA253F9CC}.Release|x64.ActiveCfg = Release|Any CPU
		{3902BE64-7AB6-4214-B8DF-A84DA253F9CC}.Release|x64.Build.0 = Release|Any CPU
		{3902BE64-7AB6-4214-B8DF-A84DA253F9CC}.Release|x64.Deploy.0 = Release|Any CPU
		{3902BE64-7AB6-4214-B8DF-A84DA253F9CC}.Release|x86.ActiveCfg = Release|Any CPU
		{3902BE64-7AB6-4214-B8DF-A84DA253F9CC}.Release|x86.Build.0 = Release|Any CPU
		{3902BE64-7AB6-4214-B8DF-A84DA253F9CC}.Release|x86.Deploy.0 = Release|Any CPU
		{3902BE64-7AB6-4214-B8DF-A84DA253F9CC}.Release-xml|Any CPU.ActiveCfg = Release|Any CPU
		{3902BE64-7AB6-4214-B8DF-A84DA253F9CC}.Release-xml|Any CPU.Build.0 = Release|Any CPU
		{3902BE64-7AB6-4214-B8DF-A84DA253F9CC}.Release-xml|ARM.ActiveCfg = Release|Any CPU
		{3902BE64-7AB6-4214-B8DF-A84DA253F9CC}.Release-xml|ARM.Build.0 = Release|Any CPU
		{3902BE64-7AB6-4214-B8DF-A84DA253F9CC}.Release-xml|iPhone.ActiveCfg = Release|Any CPU
		{3902BE64-7AB6-4214-B8DF-A84DA253F9CC}.Release-xml|iPhone.Build.0 = Release|Any CPU
		{3902BE64-7AB6-4214-B8DF-A84DA253F9CC}.Release-xml|iPhoneSimulator.ActiveCfg = Release|Any CPU
		{3902BE64-7AB6-4214-B8DF-A84DA253F9CC}.Release-xml|iPhoneSimulator.Build.0 = Release|Any CPU
		{3902BE64-7AB6-4214-B8DF-A84DA253F9CC}.Release-xml|x64.ActiveCfg = Release|Any CPU
		{3902BE64-7AB6-4214-B8DF-A84DA253F9CC}.Release-xml|x64.Build.0 = Release|Any CPU
		{3902BE64-7AB6-4214-B8DF-A84DA253F9CC}.Release-xml|x86.ActiveCfg = Release|Any CPU
		{3902BE64-7AB6-4214-B8DF-A84DA253F9CC}.Release-xml|x86.Build.0 = Release|Any CPU
	EndGlobalSection
	GlobalSection(SolutionProperties) = preSolution
		HideSolutionNode = FALSE
	EndGlobalSection
	GlobalSection(ExtensibilityGlobals) = postSolution
		SolutionGuid = {7EF206D2-6D18-4B5F-B0BB-36083DD2AE54}
	EndGlobalSection
EndGlobal
